
Microsoft Visual Studio Solution File, Format Version 12.00
# Visual Studio 15
VisualStudioVersion = 15.0.27004.2009
MinimumVisualStudioVersion = 10.0.40219.1
Project("{FAE04EC0-301F-11D3-BF4B-00C04F79EFBC}") = "msdyncrmWorkflowTools", "msdyncrmWorkflowTools\msdyncrmWorkflowTools.csproj", "{98EC024C-6439-44B1-8B1E-29E457B2201F}"
EndProject
Project("{FAE04EC0-301F-11D3-BF4B-00C04F79EFBC}") = "Common", "Common\Common.csproj", "{55DEDF5E-4BA2-498C-AB7A-B7EF2E41F79A}"
EndProject
Project("{FAE04EC0-301F-11D3-BF4B-00C04F79EFBC}") = "msdyncrmWorkflowTools_Tests", "msdyncrmWorkflowTools_Tests\msdyncrmWorkflowTools_Tests.csproj", "{26D3954C-576F-4C3E-91C5-5BAACF2FD029}"
EndProject
Project("{FAE04EC0-301F-11D3-BF4B-00C04F79EFBC}") = "msdyncrmWorkflowTools_IntegrationTests", "msdyncrmWorkflowTools_IntegrationTests\msdyncrmWorkflowTools_IntegrationTests.csproj", "{6F2B8C14-3D7E-4A95-B1C6-8E2F4D7A9B31}"
EndProject
Project("{2150E333-8FDC-42A3-9474-1A3956D46DE8}") = "Solution Items", "Solution Items", "{7A1C2E44-5B3D-4F6A-9C8E-1D2B3A4C5E61}"
	ProjectSection(SolutionItems) = preProject
		..\README.md = ..\README.md
		..\CONTRIBUTING.md = ..\CONTRIBUTING.md
		..\testing\Upgrade test workflows.md = ..\testing\Upgrade test workflows.md
		..\.github\workflows\build.yml = ..\.github\workflows\build.yml
		..\.github\workflows\integration-tests.yml = ..\.github\workflows\integration-tests.yml
	EndProjectSection
EndProject
Project("{2150E333-8FDC-42A3-9474-1A3956D46DE8}") = "templates", "templates", "{AD4F5B77-8E6A-4C9D-8FB1-4A5E6D7F8B94}"
	ProjectSection(SolutionItems) = preProject
		..\templates\WorkflowActivity\Activity.cs = ..\templates\WorkflowActivity\Activity.cs
		..\templates\WorkflowActivity\CommonMethod.cs.txt = ..\templates\WorkflowActivity\CommonMethod.cs.txt
		..\templates\WorkflowActivity\CommonTest.cs.txt = ..\templates\WorkflowActivity\CommonTest.cs.txt
		..\templates\WorkflowActivity\Docs.md = ..\templates\WorkflowActivity\Docs.md
		..\templates\WorkflowActivity\WorkflowActivity.vstemplate = ..\templates\WorkflowActivity\WorkflowActivity.vstemplate
	EndProjectSection
EndProject
Project("{2150E333-8FDC-42A3-9474-1A3956D46DE8}") = "tools", "tools", "{BE5A6C88-9F7B-4DAE-90C2-5B6F7E8A9CA5}"
	ProjectSection(SolutionItems) = preProject
		..\tools\Build-Solutions.ps1 = ..\tools\Build-Solutions.ps1
		..\tools\Set-DataverseTestConnections.ps1 = ..\tools\Set-DataverseTestConnections.ps1
		..\tools\Set-ServiceKeys.ps1 = ..\tools\Set-ServiceKeys.ps1
		..\tools\Test-DataverseAppUser.ps1 = ..\tools\Test-DataverseAppUser.ps1
	EndProjectSection
EndProject
Project("{2150E333-8FDC-42A3-9474-1A3956D46DE8}") = "docs", "docs", "{8B2D3F55-6C4E-4A7B-AD9F-2E3C4B5D6F72}"
	ProjectSection(SolutionItems) = preProject
		..\docs\Add Marketing List To Campaign.md = ..\docs\Add Marketing List To Campaign.md
		..\docs\Add Role To Team.md = ..\docs\Add Role To Team.md
		..\docs\Add Role To User.md = ..\docs\Add Role To User.md
		..\docs\Add To Marketing List.md = ..\docs\Add To Marketing List.md
		..\docs\Add User To Team.md = ..\docs\Add User To Team.md
		..\docs\AI Classify Text.md = ..\docs\AI Classify Text.md
		..\docs\AI Draft Reply.md = ..\docs\AI Draft Reply.md
		..\docs\AI Sentiment Detect.md = ..\docs\AI Sentiment Detect.md
		..\docs\AI Summarize Record.md = ..\docs\AI Summarize Record.md
		..\docs\AI Summarize Text.md = ..\docs\AI Summarize Text.md
		..\docs\AI Translate Text.md = ..\docs\AI Translate Text.md
		..\docs\Apply Routing Rules.md = ..\docs\Apply Routing Rules.md
		..\docs\Associate Entity.md = ..\docs\Associate Entity.md
		..\docs\CalculateAgregateDate.md = ..\docs\CalculateAgregateDate.md
		..\docs\CalculatePrice.md = ..\docs\CalculatePrice.md
		..\docs\Check Associate Entity.md = ..\docs\Check Associate Entity.md
		..\docs\Check If User is in Role.md = ..\docs\Check If User is in Role.md
		..\docs\Check If User is in Team.md = ..\docs\Check If User is in Team.md
		..\docs\Clone Children.md = ..\docs\Clone Children.md
		..\docs\Clone Record.md = ..\docs\Clone Record.md
		..\docs\ConcatenateFromQuery.md = ..\docs\ConcatenateFromQuery.md
		..\docs\Copy Marketing List Members.md = ..\docs\Copy Marketing List Members.md
		..\docs\Copy To Static List.md = ..\docs\Copy To Static List.md
		..\docs\CountChildEntityRecord.md = ..\docs\CountChildEntityRecord.md
		..\docs\CreateOpportunityProduct.md = ..\docs\CreateOpportunityProduct.md
		..\docs\CreateQuoteFromOpportunity.md = ..\docs\CreateQuoteFromOpportunity.md
		..\docs\CreateTeam.md = ..\docs\CreateTeam.md
		..\docs\CurrencyConvert.md = ..\docs\CurrencyConvert.md
		..\docs\DateFunctions.md = ..\docs\DateFunctions.md
		..\docs\Delete Option Value.md = ..\docs\Delete Option Value.md
		..\docs\Delete Record.md = ..\docs\Delete Record.md
		..\docs\DeleteRecordAuditHistory.md = ..\docs\DeleteRecordAuditHistory.md
		..\docs\Disassociate Entity.md = ..\docs\Disassociate Entity.md
		..\docs\DistributeWFActivityManyToMany.md = ..\docs\DistributeWFActivityManyToMany.md
		..\docs\DistributeWFActivityOneToMany.md = ..\docs\DistributeWFActivityOneToMany.md
		..\docs\Documentation.md = ..\docs\Documentation.md
		..\docs\Email To Team.md = ..\docs\Email To Team.md
		..\docs\Encrypt Text.md = ..\docs\Encrypt Text.md
		..\docs\Entity Attachment To Email.md = ..\docs\Entity Attachment To Email.md
		..\docs\Entity Json Serializer.md = ..\docs\Entity Json Serializer.md
		..\docs\Entity Mobile Deep Link.md = ..\docs\Entity Mobile Deep Link.md
		..\docs\ExecuteWorkflowByID.md = ..\docs\ExecuteWorkflowByID.md
		..\docs\ExecuteWorkflowForRecordsinQuery.md = ..\docs\ExecuteWorkflowForRecordsinQuery.md
		..\docs\GetEnvironmentVariable.md = ..\docs\GetEnvironmentVariable.md
		..\docs\Force Calculate Rollup Field.md = ..\docs\Force Calculate Rollup Field.md
		..\docs\Geocode Address.md = ..\docs\Geocode Address.md
		..\docs\Get Initiating User.md = ..\docs\Get Initiating User.md
		..\docs\GetAppModuleID.md = ..\docs\GetAppModuleID.md
		..\docs\GetAppRecordUrl.md = ..\docs\GetAppRecordUrl.md
		..\docs\GetMultiSelectOptionSet.md = ..\docs\GetMultiSelectOptionSet.md
		..\docs\GetOptionSetValue.md = ..\docs\GetOptionSetValue.md
		..\docs\GetRecordID.md = ..\docs\GetRecordID.md
		..\docs\GetRecordUrl.md = ..\docs\GetRecordUrl.md
		..\docs\GetSharepointLocationURL.md = ..\docs\GetSharepointLocationURL.md
		..\docs\Goal Recalculate.md = ..\docs\Goal Recalculate.md
		..\docs\Home.md = ..\docs\Home.md
		..\docs\Insert Option Value.md = ..\docs\Insert Option Value.md
		..\docs\Is Member Of Marketing List.md = ..\docs\Is Member Of Marketing List.md
		..\docs\IsMemberOfTeam.md = ..\docs\IsMemberOfTeam.md
		..\docs\JSONParser.md = ..\docs\JSONParser.md
		..\docs\MapMultiSelectOptionSet.md = ..\docs\MapMultiSelectOptionSet.md
		..\docs\Numeric Functions.md = ..\docs\Numeric Functions.md
		..\docs\OrgDBSettingsExample.md = ..\docs\OrgDBSettingsExample.md
		..\docs\OrgDBSettingsRetrieve.md = ..\docs\OrgDBSettingsRetrieve.md
		..\docs\OrgDBSettingsUpdate.md = ..\docs\OrgDBSettingsUpdate.md
		..\docs\Pick From Queue.md = ..\docs\Pick From Queue.md
		..\docs\Qualify Lead.md = ..\docs\Qualify Lead.md
		..\docs\Query Values Step.md = ..\docs\Query Values Step.md
		..\docs\Queue Item Count.md = ..\docs\Queue Item Count.md
		..\docs\Remove From All Marketing Lists.md = ..\docs\Remove From All Marketing Lists.md
		..\docs\Remove From Marketing List.md = ..\docs\Remove From Marketing List.md
		..\docs\Remove Role From Team.md = ..\docs\Remove Role From Team.md
		..\docs\Remove Role From User.md = ..\docs\Remove Role From User.md
		..\docs\Remove User From Team.md = ..\docs\Remove User From Team.md
		..\docs\ResolveCase.md = ..\docs\ResolveCase.md
		..\docs\RetrieveUserBUDefaultTeam.md = ..\docs\RetrieveUserBUDefaultTeam.md
		..\docs\Rollup Functions.md = ..\docs\Rollup Functions.md
		..\docs\Sales Literature To Email.md = ..\docs\Sales Literature To Email.md
		..\docs\Send Email.md = ..\docs\Send Email.md
		..\docs\SendEmailFromTemplateToUsersInRole.md = ..\docs\SendEmailFromTemplateToUsersInRole.md
		..\docs\SendEmailToUsersInRole.md = ..\docs\SendEmailToUsersInRole.md
		..\docs\Set Process Stage.md = ..\docs\Set Process Stage.md
		..\docs\Set Process.md = ..\docs\Set Process.md
		..\docs\Set State.md = ..\docs\Set State.md
		..\docs\Set User Settings.md = ..\docs\Set User Settings.md
		..\docs\SetLookupFieldFromRecordUrl.md = ..\docs\SetLookupFieldFromRecordUrl.md
		..\docs\SetMultiSelectOptionSet.md = ..\docs\SetMultiSelectOptionSet.md
		..\docs\Share Record With Team.md = ..\docs\Share Record With Team.md
		..\docs\Share Record With User.md = ..\docs\Share Record With User.md
		..\docs\ShareSecuredField.md = ..\docs\ShareSecuredField.md
		..\docs\String Functions.md = ..\docs\String Functions.md
		..\docs\TranslateText.md = ..\docs\TranslateText.md
		..\docs\Unshare Record With Team.md = ..\docs\Unshare Record With Team.md
		..\docs\Unshare Record With User.md = ..\docs\Unshare Record With User.md
		..\docs\Update Child Records.md = ..\docs\Update Child Records.md
		..\docs\UpdateProductQuoteValue.md = ..\docs\UpdateProductQuoteValue.md
		..\docs\UpdateQuoteValue.md = ..\docs\UpdateQuoteValue.md
		..\docs\WinQuote.md = ..\docs\WinQuote.md
	EndProjectSection
EndProject
Project("{2150E333-8FDC-42A3-9474-1A3956D46DE8}") = "images", "images", "{9C3E4A66-7D5F-4B8C-BEA0-3F4D5C6E7A83}"
	ProjectSection(SolutionItems) = preProject
		..\docs\49.0.gif = ..\docs\49.0.gif
		..\docs\49.1.gif = ..\docs\49.1.gif
		..\docs\49.2.gif = ..\docs\49.2.gif
		..\docs\49.3.gif = ..\docs\49.3.gif
		..\docs\49.gif = ..\docs\49.gif
		..\docs\Add Marketing List To Campaign_wf2.gif = ..\docs\Add Marketing List To Campaign_wf2.gif
		..\docs\Add Role To Team_wf2.gif = ..\docs\Add Role To Team_wf2.gif
		..\docs\Add Role To User_wf2.gif = ..\docs\Add Role To User_wf2.gif
		..\docs\Add To Marketing List_w2.gif = ..\docs\Add To Marketing List_w2.gif
		..\docs\Add To Marketing List_w3.gif = ..\docs\Add To Marketing List_w3.gif
		..\docs\Add To Marketing List_wf3.gif = ..\docs\Add To Marketing List_wf3.gif
		..\docs\Add User To Team_wf1.gif = ..\docs\Add User To Team_wf1.gif
		..\docs\Add User To Team_wf2.gif = ..\docs\Add User To Team_wf2.gif
		..\docs\Apply Routing Rules_workflow6.gif = ..\docs\Apply Routing Rules_workflow6.gif
		..\docs\Apply Routing Rules_workflow7.gif = ..\docs\Apply Routing Rules_workflow7.gif
		..\docs\Apply Routing Rules_workflow8.gif = ..\docs\Apply Routing Rules_workflow8.gif
		..\docs\Associate Entity_wf1.gif = ..\docs\Associate Entity_wf1.gif
		..\docs\Associate Entity_wf2.gif = ..\docs\Associate Entity_wf2.gif
		..\docs\Associate Entity_wf3.png = ..\docs\Associate Entity_wf3.png
		..\docs\CalculateAgregateDate1.png = ..\docs\CalculateAgregateDate1.png
		..\docs\CalculateAgregateDate2.png = ..\docs\CalculateAgregateDate2.png
		..\docs\CalculateAgregateDate3.png = ..\docs\CalculateAgregateDate3.png
		..\docs\CalculateAgregateDate4.png = ..\docs\CalculateAgregateDate4.png
		..\docs\calculateprice1.png = ..\docs\calculateprice1.png
		..\docs\calculateprice2.png = ..\docs\calculateprice2.png
		..\docs\Check Associate Entity_wf1.png = ..\docs\Check Associate Entity_wf1.png
		..\docs\Check Associate Entity_wf2.png = ..\docs\Check Associate Entity_wf2.png
		..\docs\Check Associate Entity_wf3.png = ..\docs\Check Associate Entity_wf3.png
		..\docs\Check If User is in Role_userinrole1.gif = ..\docs\Check If User is in Role_userinrole1.gif
		..\docs\Check If User is in Role_userinrole2.gif = ..\docs\Check If User is in Role_userinrole2.gif
		..\docs\Check If User is in Role_userinrole3.gif = ..\docs\Check If User is in Role_userinrole3.gif
		..\docs\Check If User is in Team_wf2.gif = ..\docs\Check If User is in Team_wf2.gif
		..\docs\Check If User is in Team_wf3.gif = ..\docs\Check If User is in Team_wf3.gif
		..\docs\Check If User is in Team_wf4.gif = ..\docs\Check If User is in Team_wf4.gif
		..\docs\Clone Children_1.gif = ..\docs\Clone Children_1.gif
		..\docs\Clone Children_2.gif = ..\docs\Clone Children_2.gif
		..\docs\Clone Record_wfclone.gif = ..\docs\Clone Record_wfclone.gif
		..\docs\Clone Record_wfclone2.gif = ..\docs\Clone Record_wfclone2.gif
		..\docs\CloneRecord44_1.png = ..\docs\CloneRecord44_1.png
		..\docs\CloneRecord44_2.png = ..\docs\CloneRecord44_2.png
		..\docs\ConcatenateFromQuery_1.png = ..\docs\ConcatenateFromQuery_1.png
		..\docs\ConcatenateFromQuery_2.png = ..\docs\ConcatenateFromQuery_2.png
		..\docs\ConcatenateFromQuery_4.gif = ..\docs\ConcatenateFromQuery_4.gif
		..\docs\Copy Marketing List Members_wf2.gif = ..\docs\Copy Marketing List Members_wf2.gif
		..\docs\Copy To Static List_wf2.gif = ..\docs\Copy To Static List_wf2.gif
		..\docs\CountChildEntityRecord1.gif = ..\docs\CountChildEntityRecord1.gif
		..\docs\CountChildEntityRecord2.gif = ..\docs\CountChildEntityRecord2.gif
		..\docs\CountChildEntityRecord3.gif = ..\docs\CountChildEntityRecord3.gif
		..\docs\CountChildEntityRecord4.gif = ..\docs\CountChildEntityRecord4.gif
		..\docs\CreateTeam1.png = ..\docs\CreateTeam1.png
		..\docs\CreateTeam2.png = ..\docs\CreateTeam2.png
		..\docs\CurrencyConvert1.gif = ..\docs\CurrencyConvert1.gif
		..\docs\CurrencyConvert2.gif = ..\docs\CurrencyConvert2.gif
		..\docs\CurrencyConvert3.gif = ..\docs\CurrencyConvert3.gif
		..\docs\DateFunctions1.png = ..\docs\DateFunctions1.png
		..\docs\DateFunctions2.png = ..\docs\DateFunctions2.png
		..\docs\DateFunctions3.png = ..\docs\DateFunctions3.png
		..\docs\Delete Option Value_wf1.png = ..\docs\Delete Option Value_wf1.png
		..\docs\Delete Option Value_wf2.png = ..\docs\Delete Option Value_wf2.png
		..\docs\Delete Record_wf1.gif = ..\docs\Delete Record_wf1.gif
		..\docs\Delete Record_wf2.gif = ..\docs\Delete Record_wf2.gif
		..\docs\Delete Record_wf3.gif = ..\docs\Delete Record_wf3.gif
		..\docs\DeleteRecordAuditHistory1.gif = ..\docs\DeleteRecordAuditHistory1.gif
		..\docs\DeleteRecordAuditHistory2.gif = ..\docs\DeleteRecordAuditHistory2.gif
		..\docs\DeleteRecordAuditHistory3.gif = ..\docs\DeleteRecordAuditHistory3.gif
		..\docs\DeleteRecordAuditHistory4.gif = ..\docs\DeleteRecordAuditHistory4.gif
		..\docs\Disassociate Entity_wf1.png = ..\docs\Disassociate Entity_wf1.png
		..\docs\Disassociate Entity_wf2.png = ..\docs\Disassociate Entity_wf2.png
		..\docs\Documentation_err1.png = ..\docs\Documentation_err1.png
		..\docs\Documentation_err2.png = ..\docs\Documentation_err2.png
		..\docs\Documentation_err3.png = ..\docs\Documentation_err3.png
		..\docs\Documentation_img1.gif = ..\docs\Documentation_img1.gif
		..\docs\dqs.bmp = ..\docs\dqs.bmp
		..\docs\dqs.jpg = ..\docs\dqs.jpg
		..\docs\dqs.png = ..\docs\dqs.png
		..\docs\Email To Team_wf1.gif = ..\docs\Email To Team_wf1.gif
		..\docs\Email To Team_wf2.gif = ..\docs\Email To Team_wf2.gif
		..\docs\Email To Team_wf3.gif = ..\docs\Email To Team_wf3.gif
		..\docs\Encrypt Text_wf1.gif = ..\docs\Encrypt Text_wf1.gif
		..\docs\Encrypt Text_wf3.gif = ..\docs\Encrypt Text_wf3.gif
		..\docs\Encrypt Text_wf4.gif = ..\docs\Encrypt Text_wf4.gif
		..\docs\Encrypt Text_wf5.gif = ..\docs\Encrypt Text_wf5.gif
		..\docs\EncryptText1.png = ..\docs\EncryptText1.png
		..\docs\EncryptText2.png = ..\docs\EncryptText2.png
		..\docs\Entity Attachment To Email_wf1.gif = ..\docs\Entity Attachment To Email_wf1.gif
		..\docs\Entity Attachment To Email_wf2.gif = ..\docs\Entity Attachment To Email_wf2.gif
		..\docs\Entity Json Serializer_wf1.gif = ..\docs\Entity Json Serializer_wf1.gif
		..\docs\Entity Json Serializer_wf2.gif = ..\docs\Entity Json Serializer_wf2.gif
		..\docs\Entity Json Serializer_wf3.gif = ..\docs\Entity Json Serializer_wf3.gif
		..\docs\Entity Json Serializer_wf4.gif = ..\docs\Entity Json Serializer_wf4.gif
		..\docs\Entity Mobile Deep Link_wf1.gif = ..\docs\Entity Mobile Deep Link_wf1.gif
		..\docs\Entity Mobile Deep Link_wf2.gif = ..\docs\Entity Mobile Deep Link_wf2.gif
		..\docs\Entity Mobile Deep Link_wf3.gif = ..\docs\Entity Mobile Deep Link_wf3.gif
		..\docs\Entity Mobile Deep Link_wf4.gif = ..\docs\Entity Mobile Deep Link_wf4.gif
		..\docs\Entity Mobile Deep Link_wf5.gif = ..\docs\Entity Mobile Deep Link_wf5.gif
		..\docs\Entity Mobile Deep Link_wf6.gif = ..\docs\Entity Mobile Deep Link_wf6.gif
		..\docs\Entity Mobile Deep Link_wf7.gif = ..\docs\Entity Mobile Deep Link_wf7.gif
		..\docs\Entity Mobile Deep Link_wf8.gif = ..\docs\Entity Mobile Deep Link_wf8.gif
		..\docs\Entity Mobile Deep Link_wf9.gif = ..\docs\Entity Mobile Deep Link_wf9.gif
		..\docs\EntityAttachmentToEmail2.gif = ..\docs\EntityAttachmentToEmail2.gif
		..\docs\EntityEmail1.gif = ..\docs\EntityEmail1.gif
		..\docs\ExecuteWorkflowById1.png = ..\docs\ExecuteWorkflowById1.png
		..\docs\ExecuteWorkflowById2.png = ..\docs\ExecuteWorkflowById2.png
		..\docs\Force Calculate Rollup Field_workflow4.gif = ..\docs\Force Calculate Rollup Field_workflow4.gif
		..\docs\Force Calculate Rollup Field_workflow5.gif = ..\docs\Force Calculate Rollup Field_workflow5.gif
		..\docs\Geocode Address_wf1.gif = ..\docs\Geocode Address_wf1.gif
		..\docs\Geocode Address_wf2.gif = ..\docs\Geocode Address_wf2.gif
		..\docs\Geocode Address_wf3.gif = ..\docs\Geocode Address_wf3.gif
		..\docs\Get Initiating User_wf1.gif = ..\docs\Get Initiating User_wf1.gif
		..\docs\Get Initiating User_wf2.gif = ..\docs\Get Initiating User_wf2.gif
		..\docs\GetAppModuleID1.gif = ..\docs\GetAppModuleID1.gif
		..\docs\GetAppModuleID2.gif = ..\docs\GetAppModuleID2.gif
		..\docs\GetAppModuleID3.gif = ..\docs\GetAppModuleID3.gif
		..\docs\GetAppModuleID4.gif = ..\docs\GetAppModuleID4.gif
		..\docs\GetAppRecordUrl1.gif = ..\docs\GetAppRecordUrl1.gif
		..\docs\GetAppRecordUrl3.gif = ..\docs\GetAppRecordUrl3.gif
		..\docs\GetAppRecordUrl4.gif = ..\docs\GetAppRecordUrl4.gif
		..\docs\GetMultiSelectOptionSet.png = ..\docs\GetMultiSelectOptionSet.png
		..\docs\GetMultiSelectOptionSet_with_options_names.jpg = ..\docs\GetMultiSelectOptionSet_with_options_names.jpg
		..\docs\GetMultiSelectOptionSetInputParameters.png = ..\docs\GetMultiSelectOptionSetInputParameters.png
		..\docs\GetOptionSetValue1.png = ..\docs\GetOptionSetValue1.png
		..\docs\GetOptionSetValue2.png = ..\docs\GetOptionSetValue2.png
		..\docs\GetRecordID1.gif = ..\docs\GetRecordID1.gif
		..\docs\GetRecordID2.gif = ..\docs\GetRecordID2.gif
		..\docs\GetRecordID3.gif = ..\docs\GetRecordID3.gif
		..\docs\GetSharepointLocation1.png = ..\docs\GetSharepointLocation1.png
		..\docs\GetSharepointLocation2.png = ..\docs\GetSharepointLocation2.png
		..\docs\GetSharepointLocation3.png = ..\docs\GetSharepointLocation3.png
		..\docs\Goal Recalculate_wf1.gif = ..\docs\Goal Recalculate_wf1.gif
		..\docs\Goal Recalculate_wf2.gif = ..\docs\Goal Recalculate_wf2.gif
		..\docs\goalrecalculate.png = ..\docs\goalrecalculate.png
		..\docs\Home_err1.png = ..\docs\Home_err1.png
		..\docs\Home_err2.png = ..\docs\Home_err2.png
		..\docs\Home_err3.png = ..\docs\Home_err3.png
		..\docs\Home_err4.png = ..\docs\Home_err4.png
		..\docs\Home_err5.png = ..\docs\Home_err5.png
		..\docs\Home_err6.png = ..\docs\Home_err6.png
		..\docs\Home_w1.gif = ..\docs\Home_w1.gif
		..\docs\Home_wf1.gif = ..\docs\Home_wf1.gif
		..\docs\Home_wf1.png = ..\docs\Home_wf1.png
		..\docs\Home_wf1_40.png = ..\docs\Home_wf1_40.png
		..\docs\Home_wf1_42.png = ..\docs\Home_wf1_42.png
		..\docs\Home_wf1_43.png = ..\docs\Home_wf1_43.png
		..\docs\Home_wf1_44.png = ..\docs\Home_wf1_44.png
		..\docs\Home_wf1_45.png = ..\docs\Home_wf1_45.png
		..\docs\Home_wf1_46.png = ..\docs\Home_wf1_46.png
		..\docs\Home_wf1_47.png = ..\docs\Home_wf1_47.png
		..\docs\Home_wf1_48.png = ..\docs\Home_wf1_48.png
		..\docs\Home_wf1_48_1.png = ..\docs\Home_wf1_48_1.png
		..\docs\Home_wf1_49.gif = ..\docs\Home_wf1_49.gif
		..\docs\Home_wf1_50.gif = ..\docs\Home_wf1_50.gif
		..\docs\Home_wf1_51.gif = ..\docs\Home_wf1_51.gif
		..\docs\Home_wf1_52.gif = ..\docs\Home_wf1_52.gif
		..\docs\Home_wf1_53.gif = ..\docs\Home_wf1_53.gif
		..\docs\Home_wf1_54.gif = ..\docs\Home_wf1_54.gif
		..\docs\Home_wf1_61.gif = ..\docs\Home_wf1_61.gif
		..\docs\Home_workflowActivity1.gif = ..\docs\Home_workflowActivity1.gif
		..\docs\Home_workflowActivity4.gif = ..\docs\Home_workflowActivity4.gif
		..\docs\Home_workflowactivity5 (2).gif = ..\docs\Home_workflowactivity5 (2).gif
		..\docs\inn.png = ..\docs\inn.png
		..\docs\inogic.png = ..\docs\inogic.png
		..\docs\Insert Option Value_wf1.png = ..\docs\Insert Option Value_wf1.png
		..\docs\Insert Option Value_wf2.png = ..\docs\Insert Option Value_wf2.png
		..\docs\Is Member Of Marketing List_wf2.gif = ..\docs\Is Member Of Marketing List_wf2.gif
		..\docs\Is Member Of Marketing List_wf3.gif = ..\docs\Is Member Of Marketing List_wf3.gif
		..\docs\IsMemberOfTeam1.gif = ..\docs\IsMemberOfTeam1.gif
		..\docs\IsMemberOfTeam2.gif = ..\docs\IsMemberOfTeam2.gif
		..\docs\IsMemberOfTeam3.gif = ..\docs\IsMemberOfTeam3.gif
		..\docs\JSONParser1.png = ..\docs\JSONParser1.png
		..\docs\JSONParser2.png = ..\docs\JSONParser2.png
		..\docs\JSONParser3.png = ..\docs\JSONParser3.png
		..\docs\JSONParser4.png = ..\docs\JSONParser4.png
		..\docs\Logo completo negro.jpg = ..\docs\Logo completo negro.jpg
		..\docs\MapMultiSelectOptionSet.png = ..\docs\MapMultiSelectOptionSet.png
		..\docs\MapMultiSelectOptionSetInputProperties.png = ..\docs\MapMultiSelectOptionSetInputProperties.png
		..\docs\Numeric Functions_wf1.gif = ..\docs\Numeric Functions_wf1.gif
		..\docs\Numeric Functions_wf2.gif = ..\docs\Numeric Functions_wf2.gif
		..\docs\Numeric Functions_wf3.gif = ..\docs\Numeric Functions_wf3.gif
		..\docs\OrgDBSettingsExample1.png = ..\docs\OrgDBSettingsExample1.png
		..\docs\OrgDBSettingsExample2.png = ..\docs\OrgDBSettingsExample2.png
		..\docs\OrgDBSettingsExample3.png = ..\docs\OrgDBSettingsExample3.png
		..\docs\OrgDBSettingsRetrieve.png = ..\docs\OrgDBSettingsRetrieve.png
		..\docs\OrgDBSettingsRetrieve1.png = ..\docs\OrgDBSettingsRetrieve1.png
		..\docs\OrgDBSettingsRetrieve2.png = ..\docs\OrgDBSettingsRetrieve2.png
		..\docs\OrgDBSettingsUpdate1.png = ..\docs\OrgDBSettingsUpdate1.png
		..\docs\OrgDBSettingsUpdate2.png = ..\docs\OrgDBSettingsUpdate2.png
		..\docs\Pick From Queue_wf1.gif = ..\docs\Pick From Queue_wf1.gif
		..\docs\Pick From Queue_wf2.gif = ..\docs\Pick From Queue_wf2.gif
		..\docs\Qualify Lead_wf1.gif = ..\docs\Qualify Lead_wf1.gif
		..\docs\Qualify Lead_wf2.gif = ..\docs\Qualify Lead_wf2.gif
		..\docs\QualifyLead1.gif = ..\docs\QualifyLead1.gif
		..\docs\Query Values Step_workflowActivity5.gif = ..\docs\Query Values Step_workflowActivity5.gif
		..\docs\Query Values Step_workflowActivity6.gif = ..\docs\Query Values Step_workflowActivity6.gif
		..\docs\Query Values Step_workflowActivity7.gif = ..\docs\Query Values Step_workflowActivity7.gif
		..\docs\Queue Item Count_wf1.gif = ..\docs\Queue Item Count_wf1.gif
		..\docs\Queue Item Count_wf2.gif = ..\docs\Queue Item Count_wf2.gif
		..\docs\Queue Item Count_wf4.gif = ..\docs\Queue Item Count_wf4.gif
		..\docs\Remove From All Marketing Lists_wf33.gif = ..\docs\Remove From All Marketing Lists_wf33.gif
		..\docs\Remove From Marketing List_wf2.gif = ..\docs\Remove From Marketing List_wf2.gif
		..\docs\Remove Role From Team_wf2.gif = ..\docs\Remove Role From Team_wf2.gif
		..\docs\Remove Role From User_wf3.gif = ..\docs\Remove Role From User_wf3.gif
		..\docs\Remove User From Team_wf1.gif = ..\docs\Remove User From Team_wf1.gif
		..\docs\Remove User From Team_wf3.gif = ..\docs\Remove User From Team_wf3.gif
		..\docs\ResolveCaseParameters.png = ..\docs\ResolveCaseParameters.png
		..\docs\RetrieveUserBUDefaultTeam1.gif = ..\docs\RetrieveUserBUDefaultTeam1.gif
		..\docs\RetrieveUserBUDefaultTeam2.gif = ..\docs\RetrieveUserBUDefaultTeam2.gif
		..\docs\RetrieveUserBUDefaultTeam3.gif = ..\docs\RetrieveUserBUDefaultTeam3.gif
		..\docs\Rollup Functions_wf1.gif = ..\docs\Rollup Functions_wf1.gif
		..\docs\Rollup Functions_wf2.gif = ..\docs\Rollup Functions_wf2.gif
		..\docs\Rollup Functions_wf3.gif = ..\docs\Rollup Functions_wf3.gif
		..\docs\Rollup Functions_wf4.gif = ..\docs\Rollup Functions_wf4.gif
		..\docs\SalesLiterature_wf1.gif = ..\docs\SalesLiterature_wf1.gif
		..\docs\SalesLiterature_wf2.gif = ..\docs\SalesLiterature_wf2.gif
		..\docs\Send Email_wf1.gif = ..\docs\Send Email_wf1.gif
		..\docs\Send Email_wf2.gif = ..\docs\Send Email_wf2.gif
		..\docs\Send Email_wf3.gif = ..\docs\Send Email_wf3.gif
		..\docs\SendEmailFromTemplateToUsersInRole1.png = ..\docs\SendEmailFromTemplateToUsersInRole1.png
		..\docs\SendEmailFromTemplateToUsersInRole2.png = ..\docs\SendEmailFromTemplateToUsersInRole2.png
		..\docs\SendEmailToUsersInRole1.png = ..\docs\SendEmailToUsersInRole1.png
		..\docs\SendEmailToUsersInRole2.png = ..\docs\SendEmailToUsersInRole2.png
		..\docs\Set Process Stage_wf1.gif = ..\docs\Set Process Stage_wf1.gif
		..\docs\Set Process Stage_wf2.gif = ..\docs\Set Process Stage_wf2.gif
		..\docs\Set Process_wf1.gif = ..\docs\Set Process_wf1.gif
		..\docs\Set Process_wf2.gif = ..\docs\Set Process_wf2.gif
		..\docs\Set State_wf1.png = ..\docs\Set State_wf1.png
		..\docs\Set State_wf2.png = ..\docs\Set State_wf2.png
		..\docs\Set User Settings_wf1.gif = ..\docs\Set User Settings_wf1.gif
		..\docs\Set User Settings_wf2.gif = ..\docs\Set User Settings_wf2.gif
		..\docs\Set User Settings_wf2.png = ..\docs\Set User Settings_wf2.png
		..\docs\SetMultiSelectOptionSet.png = ..\docs\SetMultiSelectOptionSet.png
		..\docs\SetMultiSelectOptionSetInputParameters.png = ..\docs\SetMultiSelectOptionSetInputParameters.png
		..\docs\Share Record With User_wf1.gif = ..\docs\Share Record With User_wf1.gif
		..\docs\ShareRecordWithTeam1.gif = ..\docs\ShareRecordWithTeam1.gif
		..\docs\string functions_33.png = ..\docs\string functions_33.png
		..\docs\String Functions_wf1.gif = ..\docs\String Functions_wf1.gif
		..\docs\String Functions_wf2.gif = ..\docs\String Functions_wf2.gif
		..\docs\UnshareRecordWithTeam1.gif = ..\docs\UnshareRecordWithTeam1.gif
		..\docs\UnshareRecordWithUser1.gif = ..\docs\UnshareRecordWithUser1.gif
		..\docs\Update Child Records_wf1.png = ..\docs\Update Child Records_wf1.png
		..\docs\Update Child Records_wf2.png = ..\docs\Update Child Records_wf2.png
		..\docs\updatechild.gif = ..\docs\updatechild.gif
	EndProjectSection
EndProject
Global
	GlobalSection(SolutionConfigurationPlatforms) = preSolution
		Debug|Any CPU = Debug|Any CPU
		Release|Any CPU = Release|Any CPU
	EndGlobalSection
	GlobalSection(ProjectConfigurationPlatforms) = postSolution
		{98EC024C-6439-44B1-8B1E-29E457B2201F}.Debug|Any CPU.ActiveCfg = Debug|Any CPU
		{98EC024C-6439-44B1-8B1E-29E457B2201F}.Debug|Any CPU.Build.0 = Debug|Any CPU
		{98EC024C-6439-44B1-8B1E-29E457B2201F}.Release|Any CPU.ActiveCfg = Release|Any CPU
		{98EC024C-6439-44B1-8B1E-29E457B2201F}.Release|Any CPU.Build.0 = Release|Any CPU
		{55DEDF5E-4BA2-498C-AB7A-B7EF2E41F79A}.Debug|Any CPU.ActiveCfg = Debug|Any CPU
		{55DEDF5E-4BA2-498C-AB7A-B7EF2E41F79A}.Debug|Any CPU.Build.0 = Debug|Any CPU
		{55DEDF5E-4BA2-498C-AB7A-B7EF2E41F79A}.Release|Any CPU.ActiveCfg = Release|Any CPU
		{55DEDF5E-4BA2-498C-AB7A-B7EF2E41F79A}.Release|Any CPU.Build.0 = Release|Any CPU
		{26D3954C-576F-4C3E-91C5-5BAACF2FD029}.Debug|Any CPU.ActiveCfg = Debug|Any CPU
		{26D3954C-576F-4C3E-91C5-5BAACF2FD029}.Debug|Any CPU.Build.0 = Debug|Any CPU
		{26D3954C-576F-4C3E-91C5-5BAACF2FD029}.Release|Any CPU.ActiveCfg = Release|Any CPU
		{26D3954C-576F-4C3E-91C5-5BAACF2FD029}.Release|Any CPU.Build.0 = Release|Any CPU
		{6F2B8C14-3D7E-4A95-B1C6-8E2F4D7A9B31}.Debug|Any CPU.ActiveCfg = Debug|Any CPU
		{6F2B8C14-3D7E-4A95-B1C6-8E2F4D7A9B31}.Debug|Any CPU.Build.0 = Debug|Any CPU
		{6F2B8C14-3D7E-4A95-B1C6-8E2F4D7A9B31}.Release|Any CPU.ActiveCfg = Release|Any CPU
		{6F2B8C14-3D7E-4A95-B1C6-8E2F4D7A9B31}.Release|Any CPU.Build.0 = Release|Any CPU
	EndGlobalSection
	GlobalSection(SolutionProperties) = preSolution
		HideSolutionNode = FALSE
	EndGlobalSection
	GlobalSection(NestedProjects) = preSolution
		{BE5A6C88-9F7B-4DAE-90C2-5B6F7E8A9CA5} = {7A1C2E44-5B3D-4F6A-9C8E-1D2B3A4C5E61}
		{8B2D3F55-6C4E-4A7B-AD9F-2E3C4B5D6F72} = {7A1C2E44-5B3D-4F6A-9C8E-1D2B3A4C5E61}
		{9C3E4A66-7D5F-4B8C-BEA0-3F4D5C6E7A83} = {8B2D3F55-6C4E-4A7B-AD9F-2E3C4B5D6F72}
		{AD4F5B77-8E6A-4C9D-8FB1-4A5E6D7F8B94} = {7A1C2E44-5B3D-4F6A-9C8E-1D2B3A4C5E61}
	EndGlobalSection
	GlobalSection(ExtensibilityGlobals) = postSolution
		SolutionGuid = {6303B93E-6674-4BD9-A6F1-FA90A5EA7E5A}
	EndGlobalSection
EndGlobal
