
Microsoft Visual Studio Solution File, Format Version 12.00
# Visual Studio 15
VisualStudioVersion = 15.0.27004.2009
MinimumVisualStudioVersion = 10.0.40219.1
Project("{FAE04EC0-301F-11D3-BF4B-00C04F79EFBC}") = "powerplatformWorkflowTools", "powerplatformWorkflowTools\powerplatformWorkflowTools.csproj", "{98EC024C-6439-44B1-8B1E-29E457B2201F}"
EndProject
Project("{FAE04EC0-301F-11D3-BF4B-00C04F79EFBC}") = "msdyncrmWorkflowTools_ConsoleTest", "msdyncrmWorkflowTools_ConsoleTest\msdyncrmWorkflowTools_ConsoleTest.csproj", "{2F103372-B287-4057-9E83-667C29492F61}"
EndProject
Project("{FAE04EC0-301F-11D3-BF4B-00C04F79EFBC}") = "msdyncrmWorkflowTools_Class", "msdyncrmWorkflowTools_Class\msdyncrmWorkflowTools_Class.csproj", "{55DEDF5E-4BA2-498C-AB7A-B7EF2E41F79A}"
EndProject
Project("{FAE04EC0-301F-11D3-BF4B-00C04F79EFBC}") = "msdyncrmWorkflowTools_Tests", "msdyncrmWorkflowTools_Tests\msdyncrmWorkflowTools_Tests.csproj", "{26D3954C-576F-4C3E-91C5-5BAACF2FD029}"
EndProject
Global
	GlobalSection(SolutionConfigurationPlatforms) = preSolution
		Debug|Any CPU = Debug|Any CPU
		Release|Any CPU = Release|Any CPU
	EndGlobalSection
	GlobalSection(ProjectConfigurationPlatforms) = postSolution
		{98EC024C-6439-44B1-8B1E-29E457B2201F}.Debug|Any CPU.ActiveCfg = Debug|Any CPU
		{98EC024C-6439-44B1-8B1E-29E457B2201F}.Debug|Any CPU.Build.0 = Debug|Any CPU
		{98EC024C-6439-44B1-8B1E-29E457B2201F}.Release|Any CPU.ActiveCfg = Release|Any CPU
		{98EC024C-6439-44B1-8B1E-29E457B2201F}.Release|Any CPU.Build.0 = Release|Any CPU
		{2F103372-B287-4057-9E83-667C29492F61}.Debug|Any CPU.ActiveCfg = Debug|Any CPU
		{2F103372-B287-4057-9E83-667C29492F61}.Debug|Any CPU.Build.0 = Debug|Any CPU
		{2F103372-B287-4057-9E83-667C29492F61}.Release|Any CPU.ActiveCfg = Release|Any CPU
		{2F103372-B287-4057-9E83-667C29492F61}.Release|Any CPU.Build.0 = Release|Any CPU
		{55DEDF5E-4BA2-498C-AB7A-B7EF2E41F79A}.Debug|Any CPU.ActiveCfg = Debug|Any CPU
		{55DEDF5E-4BA2-498C-AB7A-B7EF2E41F79A}.Debug|Any CPU.Build.0 = Debug|Any CPU
		{55DEDF5E-4BA2-498C-AB7A-B7EF2E41F79A}.Release|Any CPU.ActiveCfg = Release|Any CPU
		{55DEDF5E-4BA2-498C-AB7A-B7EF2E41F79A}.Release|Any CPU.Build.0 = Release|Any CPU
		{26D3954C-576F-4C3E-91C5-5BAACF2FD029}.Debug|Any CPU.ActiveCfg = Debug|Any CPU
		{26D3954C-576F-4C3E-91C5-5BAACF2FD029}.Debug|Any CPU.Build.0 = Debug|Any CPU
		{26D3954C-576F-4C3E-91C5-5BAACF2FD029}.Release|Any CPU.ActiveCfg = Release|Any CPU
		{26D3954C-576F-4C3E-91C5-5BAACF2FD029}.Release|Any CPU.Build.0 = Release|Any CPU
	EndGlobalSection
	GlobalSection(SolutionProperties) = preSolution
		HideSolutionNode = FALSE
	EndGlobalSection
	GlobalSection(ExtensibilityGlobals) = postSolution
		SolutionGuid = {6303B93E-6674-4BD9-A6F1-FA90A5EA7E5A}
	EndGlobalSection
EndGlobal
